
Microsoft Visual Studio Solution File, Format Version 12.00
# Visual Studio Version 17
VisualStudioVersion = 17.0.31903.59
MinimumVisualStudioVersion = 10.0.40219.1
Project("{2150E333-8FDC-42A3-9474-1A3956D46DE8}") = "src", "src", "{827E0CD3-B72D-47B6-A68D-7590B98EB39B}"
EndProject
Project("{FAE04EC0-301F-11D3-BF4B-00C04F79EFBC}") = "Hydronom.Core", "src\Hydronom.Core\Hydronom.Core.csproj", "{1CB10081-48FE-459B-A6D7-3F07B54C72EF}"
EndProject
Project("{FAE04EC0-301F-11D3-BF4B-00C04F79EFBC}") = "Hydronom.Runtime", "src\Hydronom.Runtime\Hydronom.Runtime.csproj", "{33634028-8C19-4ABB-BB23-677F8B1FEF46}"
EndProject
Project("{FAE04EC0-301F-11D3-BF4B-00C04F79EFBC}") = "Hydronom.AI", "src\Hydronom.AI\Hydronom.AI.csproj", "{D7528D11-5D99-4CB3-92B8-F879E2DD9E9C}"
EndProject
Project("{FAE04EC0-301F-11D3-BF4B-00C04F79EFBC}") = "HydronomOps.Gateway", "src\HydronomOps.Gateway\HydronomOps.Gateway.csproj", "{CA7B29F5-DC18-4322-956C-DBEDEED17BD8}"
EndProject
Project("{FAE04EC0-301F-11D3-BF4B-00C04F79EFBC}") = "Hydronom.GroundStation", "src\Hydronom.GroundStation\Hydronom.GroundStation.csproj", "{F213774A-BCBA-4F9B-889F-96920CE8D9E7}"
EndProject
Project("{2150E333-8FDC-42A3-9474-1A3956D46DE8}") = "tests", "tests", "{0AB3BF05-4346-4AA6-1389-037BE0695223}"
EndProject
Project("{FAE04EC0-301F-11D3-BF4B-00C04F79EFBC}") = "Hydronom.GroundStation.SmokeTest", "tests\Hydronom.GroundStation.SmokeTest\Hydronom.GroundStation.SmokeTest.csproj", "{AAD0C610-B2B6-43A9-9830-81EC8E563F92}"
EndProject
Project("{FAE04EC0-301F-11D3-BF4B-00C04F79EFBC}") = "Hydronom.Runtime.ScenarioSmokeTest", "tests\Hydronom.Runtime.ScenarioSmokeTest\Hydronom.Runtime.ScenarioSmokeTest.csproj", "{BE4460E7-3923-42DC-922A-368B56DA9599}"
EndProject
Project("{FAE04EC0-301F-11D3-BF4B-00C04F79EFBC}") = "Hydronom.Core.FusionSmokeTest", "tests\Hydronom.Core.FusionSmokeTest\Hydronom.Core.FusionSmokeTest.csproj", "{7F68AEB5-63E5-46D8-A751-756591E8DB2D}"
EndProject
Project("{FAE04EC0-301F-11D3-BF4B-00C04F79EFBC}") = "Hydronom.Runtime.PipelineSmokeTest", "tests\Hydronom.Runtime.PipelineSmokeTest\Hydronom.Runtime.PipelineSmokeTest.csproj", "{B03EEEB7-6EB1-47CC-98A6-C7087599C717}"
EndProject
Project("{FAE04EC0-301F-11D3-BF4B-00C04F79EFBC}") = "Hydronom.Runtime.RuntimePipelineSmokeTest", "tests\Hydronom.Runtime.RuntimePipelineSmokeTest\Hydronom.Runtime.RuntimePipelineSmokeTest.csproj", "{D3C99C36-D995-4E24-95A3-895FC615A32D}"
EndProject
Project("{FAE04EC0-301F-11D3-BF4B-00C04F79EFBC}") = "Hydronom.Runtime.DiagnosticsSmokeTest", "tests\Hydronom.Runtime.DiagnosticsSmokeTest\Hydronom.Runtime.DiagnosticsSmokeTest.csproj", "{F81D160C-C8E8-4379-839E-B2B2C95B9729}"
EndProject
Project("{FAE04EC0-301F-11D3-BF4B-00C04F79EFBC}") = "HydronomOps.Gateway.RuntimeOpsSmokeTest", "tests\HydronomOps.Gateway.RuntimeOpsSmokeTest\HydronomOps.Gateway.RuntimeOpsSmokeTest.csproj", "{4EF3AE27-964B-4D30-BD1B-2359DA1A3245}"
EndProject
Project("{FAE04EC0-301F-11D3-BF4B-00C04F79EFBC}") = "HydronomOps.Gateway.RuntimeSummaryIngressSmokeTest", "tests\HydronomOps.Gateway.RuntimeSummaryIngressSmokeTest\HydronomOps.Gateway.RuntimeSummaryIngressSmokeTest.csproj", "{9335B247-661C-43C6-AF74-73C5E9D93304}"
EndProject
Project("{FAE04EC0-301F-11D3-BF4B-00C04F79EFBC}") = "Hydronom.Runtime.TelemetryHostSmokeTest", "tests\Hydronom.Runtime.TelemetryHostSmokeTest\Hydronom.Runtime.TelemetryHostSmokeTest.csproj", "{A71BB8ED-52BD-4009-8A44-8F21000AE093}"
EndProject
Project("{FAE04EC0-301F-11D3-BF4B-00C04F79EFBC}") = "Hydronom.Runtime.TelemetryPipelineSmokeTest", "tests\Hydronom.Runtime.TelemetryPipelineSmokeTest\Hydronom.Runtime.TelemetryPipelineSmokeTest.csproj", "{FD37B51B-AA34-4BA7-9F76-353F3991EBA6}"
EndProject
Project("{FAE04EC0-301F-11D3-BF4B-00C04F79EFBC}") = "Hydronom.AI.GroundStationSmokeTest", "tests\Hydronom.AI.GroundStationSmokeTest\Hydronom.AI.GroundStationSmokeTest.csproj", "{362A557A-0F1E-4656-B5E7-8844BD11440A}"
EndProject
Project("{FAE04EC0-301F-11D3-BF4B-00C04F79EFBC}") = "Hydronom.Core.CommunicationSmokeTest", "tests\Hydronom.Core.CommunicationSmokeTest\Hydronom.Core.CommunicationSmokeTest.csproj", "{B743D081-DF30-4BB7-A1F3-DC0AF5F208A0}"
EndProject
Project("{FAE04EC0-301F-11D3-BF4B-00C04F79EFBC}") = "Hydronom.Core.CommunicationQueueSmokeTest", "tests\Hydronom.Core.CommunicationQueueSmokeTest\Hydronom.Core.CommunicationQueueSmokeTest.csproj", "{45EDF522-8081-4A7B-9FB9-422CB5DA52E6}"
EndProject
Project("{FAE04EC0-301F-11D3-BF4B-00C04F79EFBC}") = "Hydronom.Core.CompactTelemetrySmokeTest", "tests\Hydronom.Core.CompactTelemetrySmokeTest\Hydronom.Core.CompactTelemetrySmokeTest.csproj", "{8517ED65-D64B-48D2-A855-0B33166BEC8D}"
EndProject
Project("{FAE04EC0-301F-11D3-BF4B-00C04F79EFBC}") = "Hydronom.Core.TelemetryDeltaSmokeTest", "tests\Hydronom.Core.TelemetryDeltaSmokeTest\Hydronom.Core.TelemetryDeltaSmokeTest.csproj", "{3563F507-7920-42F8-BC3C-61CCA0178173}"
EndProject
Project("{FAE04EC0-301F-11D3-BF4B-00C04F79EFBC}") = "Hydronom.Core.TelemetryEnvelopeSmokeTest", "tests\Hydronom.Core.TelemetryEnvelopeSmokeTest\Hydronom.Core.TelemetryEnvelopeSmokeTest.csproj", "{6EE505BC-583A-4906-889E-6AECBF081458}"
EndProject
Project("{FAE04EC0-301F-11D3-BF4B-00C04F79EFBC}") = "Hydronom.Core.CommunicationPipelineSmokeTest", "tests\Hydronom.Core.CommunicationPipelineSmokeTest\Hydronom.Core.CommunicationPipelineSmokeTest.csproj", "{AB4CC8CB-0B67-4FD4-B90B-3163C95C7FC7}"
EndProject
Project("{FAE04EC0-301F-11D3-BF4B-00C04F79EFBC}") = "Hydronom.Core.SecureCommandSmokeTest", "tests\Hydronom.Core.SecureCommandSmokeTest\Hydronom.Core.SecureCommandSmokeTest.csproj", "{9F0E114D-D231-456A-B326-08F6A936081A}"
EndProject
Project("{FAE04EC0-301F-11D3-BF4B-00C04F79EFBC}") = "Hydronom.Core.CommandAuthoritySmokeTest", "tests\Hydronom.Core.CommandAuthoritySmokeTest\Hydronom.Core.CommandAuthoritySmokeTest.csproj", "{406FF8C2-70C5-4C63-B7E3-B384D5DBB5E0}"
EndProject
Project("{FAE04EC0-301F-11D3-BF4B-00C04F79EFBC}") = "Hydronom.Core.SecureCommandReceiverSmokeTest", "tests\Hydronom.Core.SecureCommandReceiverSmokeTest\Hydronom.Core.SecureCommandReceiverSmokeTest.csproj", "{DBBE6721-030A-441C-B2EE-495C7E67233B}"
EndProject
Project("{FAE04EC0-301F-11D3-BF4B-00C04F79EFBC}") = "Hydronom.Core.TransportSmokeTest", "tests\Hydronom.Core.TransportSmokeTest\Hydronom.Core.TransportSmokeTest.csproj", "{DE6DE1F9-DC2C-4A49-9B24-C4697122CABA}"
EndProject
Project("{FAE04EC0-301F-11D3-BF4B-00C04F79EFBC}") = "Hydronom.Core.TcpTransportSmokeTest", "tests\Hydronom.Core.TcpTransportSmokeTest\Hydronom.Core.TcpTransportSmokeTest.csproj", "{E2A6987A-5B86-41D1-84CD-24E9B9C26772}"
EndProject
Project("{FAE04EC0-301F-11D3-BF4B-00C04F79EFBC}") = "Hydronom.Core.RuntimeCommandBridgeAckSmokeTest", "tests\Hydronom.Core.RuntimeCommandBridgeAckSmokeTest\Hydronom.Core.RuntimeCommandBridgeAckSmokeTest.csproj", "{7B96B0E5-986A-4929-9A7D-4A75C3C1C726}"
EndProject
Project("{FAE04EC0-301F-11D3-BF4B-00C04F79EFBC}") = "Hydronom.Runtime.PicoUsbSensorBackendSmokeTest", "tests\Hydronom.Runtime.PicoUsbSensorBackendSmokeTest\Hydronom.Runtime.PicoUsbSensorBackendSmokeTest.csproj", "{7ABD25E3-B085-4D8F-BAC5-5196620A3B0B}"
EndProject
Global
	GlobalSection(SolutionConfigurationPlatforms) = preSolution
		Debug|Any CPU = Debug|Any CPU
		Debug|x64 = Debug|x64
		Debug|x86 = Debug|x86
		Release|Any CPU = Release|Any CPU
		Release|x64 = Release|x64
		Release|x86 = Release|x86
	EndGlobalSection
	GlobalSection(ProjectConfigurationPlatforms) = postSolution
		{1CB10081-48FE-459B-A6D7-3F07B54C72EF}.Debug|Any CPU.ActiveCfg = Debug|Any CPU
		{1CB10081-48FE-459B-A6D7-3F07B54C72EF}.Debug|Any CPU.Build.0 = Debug|Any CPU
		{1CB10081-48FE-459B-A6D7-3F07B54C72EF}.Debug|x64.ActiveCfg = Debug|Any CPU
		{1CB10081-48FE-459B-A6D7-3F07B54C72EF}.Debug|x64.Build.0 = Debug|Any CPU
		{1CB10081-48FE-459B-A6D7-3F07B54C72EF}.Debug|x86.ActiveCfg = Debug|Any CPU
		{1CB10081-48FE-459B-A6D7-3F07B54C72EF}.Debug|x86.Build.0 = Debug|Any CPU
		{1CB10081-48FE-459B-A6D7-3F07B54C72EF}.Release|Any CPU.ActiveCfg = Release|Any CPU
		{1CB10081-48FE-459B-A6D7-3F07B54C72EF}.Release|Any CPU.Build.0 = Release|Any CPU
		{1CB10081-48FE-459B-A6D7-3F07B54C72EF}.Release|x64.ActiveCfg = Release|Any CPU
		{1CB10081-48FE-459B-A6D7-3F07B54C72EF}.Release|x64.Build.0 = Release|Any CPU
		{1CB10081-48FE-459B-A6D7-3F07B54C72EF}.Release|x86.ActiveCfg = Release|Any CPU
		{1CB10081-48FE-459B-A6D7-3F07B54C72EF}.Release|x86.Build.0 = Release|Any CPU
		{33634028-8C19-4ABB-BB23-677F8B1FEF46}.Debug|Any CPU.ActiveCfg = Debug|Any CPU
		{33634028-8C19-4ABB-BB23-677F8B1FEF46}.Debug|Any CPU.Build.0 = Debug|Any CPU
		{33634028-8C19-4ABB-BB23-677F8B1FEF46}.Debug|x64.ActiveCfg = Debug|Any CPU
		{33634028-8C19-4ABB-BB23-677F8B1FEF46}.Debug|x64.Build.0 = Debug|Any CPU
		{33634028-8C19-4ABB-BB23-677F8B1FEF46}.Debug|x86.ActiveCfg = Debug|Any CPU
		{33634028-8C19-4ABB-BB23-677F8B1FEF46}.Debug|x86.Build.0 = Debug|Any CPU
		{33634028-8C19-4ABB-BB23-677F8B1FEF46}.Release|Any CPU.ActiveCfg = Release|Any CPU
		{33634028-8C19-4ABB-BB23-677F8B1FEF46}.Release|Any CPU.Build.0 = Release|Any CPU
		{33634028-8C19-4ABB-BB23-677F8B1FEF46}.Release|x64.ActiveCfg = Release|Any CPU
		{33634028-8C19-4ABB-BB23-677F8B1FEF46}.Release|x64.Build.0 = Release|Any CPU
		{33634028-8C19-4ABB-BB23-677F8B1FEF46}.Release|x86.ActiveCfg = Release|Any CPU
		{33634028-8C19-4ABB-BB23-677F8B1FEF46}.Release|x86.Build.0 = Release|Any CPU
		{D7528D11-5D99-4CB3-92B8-F879E2DD9E9C}.Debug|Any CPU.ActiveCfg = Debug|Any CPU
		{D7528D11-5D99-4CB3-92B8-F879E2DD9E9C}.Debug|Any CPU.Build.0 = Debug|Any CPU
		{D7528D11-5D99-4CB3-92B8-F879E2DD9E9C}.Debug|x64.ActiveCfg = Debug|Any CPU
		{D7528D11-5D99-4CB3-92B8-F879E2DD9E9C}.Debug|x64.Build.0 = Debug|Any CPU
		{D7528D11-5D99-4CB3-92B8-F879E2DD9E9C}.Debug|x86.ActiveCfg = Debug|Any CPU
		{D7528D11-5D99-4CB3-92B8-F879E2DD9E9C}.Debug|x86.Build.0 = Debug|Any CPU
		{D7528D11-5D99-4CB3-92B8-F879E2DD9E9C}.Release|Any CPU.ActiveCfg = Release|Any CPU
		{D7528D11-5D99-4CB3-92B8-F879E2DD9E9C}.Release|Any CPU.Build.0 = Release|Any CPU
		{D7528D11-5D99-4CB3-92B8-F879E2DD9E9C}.Release|x64.ActiveCfg = Release|Any CPU
		{D7528D11-5D99-4CB3-92B8-F879E2DD9E9C}.Release|x64.Build.0 = Release|Any CPU
		{D7528D11-5D99-4CB3-92B8-F879E2DD9E9C}.Release|x86.ActiveCfg = Release|Any CPU
		{D7528D11-5D99-4CB3-92B8-F879E2DD9E9C}.Release|x86.Build.0 = Release|Any CPU
		{CA7B29F5-DC18-4322-956C-DBEDEED17BD8}.Debug|Any CPU.ActiveCfg = Debug|Any CPU
		{CA7B29F5-DC18-4322-956C-DBEDEED17BD8}.Debug|Any CPU.Build.0 = Debug|Any CPU
		{CA7B29F5-DC18-4322-956C-DBEDEED17BD8}.Debug|x64.ActiveCfg = Debug|Any CPU
		{CA7B29F5-DC18-4322-956C-DBEDEED17BD8}.Debug|x64.Build.0 = Debug|Any CPU
		{CA7B29F5-DC18-4322-956C-DBEDEED17BD8}.Debug|x86.ActiveCfg = Debug|Any CPU
		{CA7B29F5-DC18-4322-956C-DBEDEED17BD8}.Debug|x86.Build.0 = Debug|Any CPU
		{CA7B29F5-DC18-4322-956C-DBEDEED17BD8}.Release|Any CPU.ActiveCfg = Release|Any CPU
		{CA7B29F5-DC18-4322-956C-DBEDEED17BD8}.Release|Any CPU.Build.0 = Release|Any CPU
		{CA7B29F5-DC18-4322-956C-DBEDEED17BD8}.Release|x64.ActiveCfg = Release|Any CPU
		{CA7B29F5-DC18-4322-956C-DBEDEED17BD8}.Release|x64.Build.0 = Release|Any CPU
		{CA7B29F5-DC18-4322-956C-DBEDEED17BD8}.Release|x86.ActiveCfg = Release|Any CPU
		{CA7B29F5-DC18-4322-956C-DBEDEED17BD8}.Release|x86.Build.0 = Release|Any CPU
		{F213774A-BCBA-4F9B-889F-96920CE8D9E7}.Debug|Any CPU.ActiveCfg = Debug|Any CPU
		{F213774A-BCBA-4F9B-889F-96920CE8D9E7}.Debug|Any CPU.Build.0 = Debug|Any CPU
		{F213774A-BCBA-4F9B-889F-96920CE8D9E7}.Debug|x64.ActiveCfg = Debug|Any CPU
		{F213774A-BCBA-4F9B-889F-96920CE8D9E7}.Debug|x64.Build.0 = Debug|Any CPU
		{F213774A-BCBA-4F9B-889F-96920CE8D9E7}.Debug|x86.ActiveCfg = Debug|Any CPU
		{F213774A-BCBA-4F9B-889F-96920CE8D9E7}.Debug|x86.Build.0 = Debug|Any CPU
		{F213774A-BCBA-4F9B-889F-96920CE8D9E7}.Release|Any CPU.ActiveCfg = Release|Any CPU
		{F213774A-BCBA-4F9B-889F-96920CE8D9E7}.Release|Any CPU.Build.0 = Release|Any CPU
		{F213774A-BCBA-4F9B-889F-96920CE8D9E7}.Release|x64.ActiveCfg = Release|Any CPU
		{F213774A-BCBA-4F9B-889F-96920CE8D9E7}.Release|x64.Build.0 = Release|Any CPU
		{F213774A-BCBA-4F9B-889F-96920CE8D9E7}.Release|x86.ActiveCfg = Release|Any CPU
		{F213774A-BCBA-4F9B-889F-96920CE8D9E7}.Release|x86.Build.0 = Release|Any CPU
		{AAD0C610-B2B6-43A9-9830-81EC8E563F92}.Debug|Any CPU.ActiveCfg = Debug|Any CPU
		{AAD0C610-B2B6-43A9-9830-81EC8E563F92}.Debug|Any CPU.Build.0 = Debug|Any CPU
		{AAD0C610-B2B6-43A9-9830-81EC8E563F92}.Debug|x64.ActiveCfg = Debug|Any CPU
		{AAD0C610-B2B6-43A9-9830-81EC8E563F92}.Debug|x64.Build.0 = Debug|Any CPU
		{AAD0C610-B2B6-43A9-9830-81EC8E563F92}.Debug|x86.ActiveCfg = Debug|Any CPU
		{AAD0C610-B2B6-43A9-9830-81EC8E563F92}.Debug|x86.Build.0 = Debug|Any CPU
		{AAD0C610-B2B6-43A9-9830-81EC8E563F92}.Release|Any CPU.ActiveCfg = Release|Any CPU
		{AAD0C610-B2B6-43A9-9830-81EC8E563F92}.Release|Any CPU.Build.0 = Release|Any CPU
		{AAD0C610-B2B6-43A9-9830-81EC8E563F92}.Release|x64.ActiveCfg = Release|Any CPU
		{AAD0C610-B2B6-43A9-9830-81EC8E563F92}.Release|x64.Build.0 = Release|Any CPU
		{AAD0C610-B2B6-43A9-9830-81EC8E563F92}.Release|x86.ActiveCfg = Release|Any CPU
		{AAD0C610-B2B6-43A9-9830-81EC8E563F92}.Release|x86.Build.0 = Release|Any CPU
		{BE4460E7-3923-42DC-922A-368B56DA9599}.Debug|Any CPU.ActiveCfg = Debug|Any CPU
		{BE4460E7-3923-42DC-922A-368B56DA9599}.Debug|Any CPU.Build.0 = Debug|Any CPU
		{BE4460E7-3923-42DC-922A-368B56DA9599}.Debug|x64.ActiveCfg = Debug|Any CPU
		{BE4460E7-3923-42DC-922A-368B56DA9599}.Debug|x64.Build.0 = Debug|Any CPU
		{BE4460E7-3923-42DC-922A-368B56DA9599}.Debug|x86.ActiveCfg = Debug|Any CPU
		{BE4460E7-3923-42DC-922A-368B56DA9599}.Debug|x86.Build.0 = Debug|Any CPU
		{BE4460E7-3923-42DC-922A-368B56DA9599}.Release|Any CPU.ActiveCfg = Release|Any CPU
		{BE4460E7-3923-42DC-922A-368B56DA9599}.Release|Any CPU.Build.0 = Release|Any CPU
		{BE4460E7-3923-42DC-922A-368B56DA9599}.Release|x64.ActiveCfg = Release|Any CPU
		{BE4460E7-3923-42DC-922A-368B56DA9599}.Release|x64.Build.0 = Release|Any CPU
		{BE4460E7-3923-42DC-922A-368B56DA9599}.Release|x86.ActiveCfg = Release|Any CPU
		{BE4460E7-3923-42DC-922A-368B56DA9599}.Release|x86.Build.0 = Release|Any CPU
		{7F68AEB5-63E5-46D8-A751-756591E8DB2D}.Debug|Any CPU.ActiveCfg = Debug|Any CPU
		{7F68AEB5-63E5-46D8-A751-756591E8DB2D}.Debug|Any CPU.Build.0 = Debug|Any CPU
		{7F68AEB5-63E5-46D8-A751-756591E8DB2D}.Debug|x64.ActiveCfg = Debug|Any CPU
		{7F68AEB5-63E5-46D8-A751-756591E8DB2D}.Debug|x64.Build.0 = Debug|Any CPU
		{7F68AEB5-63E5-46D8-A751-756591E8DB2D}.Debug|x86.ActiveCfg = Debug|Any CPU
		{7F68AEB5-63E5-46D8-A751-756591E8DB2D}.Debug|x86.Build.0 = Debug|Any CPU
		{7F68AEB5-63E5-46D8-A751-756591E8DB2D}.Release|Any CPU.ActiveCfg = Release|Any CPU
		{7F68AEB5-63E5-46D8-A751-756591E8DB2D}.Release|Any CPU.Build.0 = Release|Any CPU
		{7F68AEB5-63E5-46D8-A751-756591E8DB2D}.Release|x64.ActiveCfg = Release|Any CPU
		{7F68AEB5-63E5-46D8-A751-756591E8DB2D}.Release|x64.Build.0 = Release|Any CPU
		{7F68AEB5-63E5-46D8-A751-756591E8DB2D}.Release|x86.ActiveCfg = Release|Any CPU
		{7F68AEB5-63E5-46D8-A751-756591E8DB2D}.Release|x86.Build.0 = Release|Any CPU
		{B03EEEB7-6EB1-47CC-98A6-C7087599C717}.Debug|Any CPU.ActiveCfg = Debug|Any CPU
		{B03EEEB7-6EB1-47CC-98A6-C7087599C717}.Debug|Any CPU.Build.0 = Debug|Any CPU
		{B03EEEB7-6EB1-47CC-98A6-C7087599C717}.Debug|x64.ActiveCfg = Debug|Any CPU
		{B03EEEB7-6EB1-47CC-98A6-C7087599C717}.Debug|x64.Build.0 = Debug|Any CPU
		{B03EEEB7-6EB1-47CC-98A6-C7087599C717}.Debug|x86.ActiveCfg = Debug|Any CPU
		{B03EEEB7-6EB1-47CC-98A6-C7087599C717}.Debug|x86.Build.0 = Debug|Any CPU
		{B03EEEB7-6EB1-47CC-98A6-C7087599C717}.Release|Any CPU.ActiveCfg = Release|Any CPU
		{B03EEEB7-6EB1-47CC-98A6-C7087599C717}.Release|Any CPU.Build.0 = Release|Any CPU
		{B03EEEB7-6EB1-47CC-98A6-C7087599C717}.Release|x64.ActiveCfg = Release|Any CPU
		{B03EEEB7-6EB1-47CC-98A6-C7087599C717}.Release|x64.Build.0 = Release|Any CPU
		{B03EEEB7-6EB1-47CC-98A6-C7087599C717}.Release|x86.ActiveCfg = Release|Any CPU
		{B03EEEB7-6EB1-47CC-98A6-C7087599C717}.Release|x86.Build.0 = Release|Any CPU
		{D3C99C36-D995-4E24-95A3-895FC615A32D}.Debug|Any CPU.ActiveCfg = Debug|Any CPU
		{D3C99C36-D995-4E24-95A3-895FC615A32D}.Debug|Any CPU.Build.0 = Debug|Any CPU
		{D3C99C36-D995-4E24-95A3-895FC615A32D}.Debug|x64.ActiveCfg = Debug|Any CPU
		{D3C99C36-D995-4E24-95A3-895FC615A32D}.Debug|x64.Build.0 = Debug|Any CPU
		{D3C99C36-D995-4E24-95A3-895FC615A32D}.Debug|x86.ActiveCfg = Debug|Any CPU
		{D3C99C36-D995-4E24-95A3-895FC615A32D}.Debug|x86.Build.0 = Debug|Any CPU
		{D3C99C36-D995-4E24-95A3-895FC615A32D}.Release|Any CPU.ActiveCfg = Release|Any CPU
		{D3C99C36-D995-4E24-95A3-895FC615A32D}.Release|Any CPU.Build.0 = Release|Any CPU
		{D3C99C36-D995-4E24-95A3-895FC615A32D}.Release|x64.ActiveCfg = Release|Any CPU
		{D3C99C36-D995-4E24-95A3-895FC615A32D}.Release|x64.Build.0 = Release|Any CPU
		{D3C99C36-D995-4E24-95A3-895FC615A32D}.Release|x86.ActiveCfg = Release|Any CPU
		{D3C99C36-D995-4E24-95A3-895FC615A32D}.Release|x86.Build.0 = Release|Any CPU
		{F81D160C-C8E8-4379-839E-B2B2C95B9729}.Debug|Any CPU.ActiveCfg = Debug|Any CPU
		{F81D160C-C8E8-4379-839E-B2B2C95B9729}.Debug|Any CPU.Build.0 = Debug|Any CPU
		{F81D160C-C8E8-4379-839E-B2B2C95B9729}.Debug|x64.ActiveCfg = Debug|Any CPU
		{F81D160C-C8E8-4379-839E-B2B2C95B9729}.Debug|x64.Build.0 = Debug|Any CPU
		{F81D160C-C8E8-4379-839E-B2B2C95B9729}.Debug|x86.ActiveCfg = Debug|Any CPU
		{F81D160C-C8E8-4379-839E-B2B2C95B9729}.Debug|x86.Build.0 = Debug|Any CPU
		{F81D160C-C8E8-4379-839E-B2B2C95B9729}.Release|Any CPU.ActiveCfg = Release|Any CPU
		{F81D160C-C8E8-4379-839E-B2B2C95B9729}.Release|Any CPU.Build.0 = Release|Any CPU
		{F81D160C-C8E8-4379-839E-B2B2C95B9729}.Release|x64.ActiveCfg = Release|Any CPU
		{F81D160C-C8E8-4379-839E-B2B2C95B9729}.Release|x64.Build.0 = Release|Any CPU
		{F81D160C-C8E8-4379-839E-B2B2C95B9729}.Release|x86.ActiveCfg = Release|Any CPU
		{F81D160C-C8E8-4379-839E-B2B2C95B9729}.Release|x86.Build.0 = Release|Any CPU
		{4EF3AE27-964B-4D30-BD1B-2359DA1A3245}.Debug|Any CPU.ActiveCfg = Debug|Any CPU
		{4EF3AE27-964B-4D30-BD1B-2359DA1A3245}.Debug|Any CPU.Build.0 = Debug|Any CPU
		{4EF3AE27-964B-4D30-BD1B-2359DA1A3245}.Debug|x64.ActiveCfg = Debug|Any CPU
		{4EF3AE27-964B-4D30-BD1B-2359DA1A3245}.Debug|x64.Build.0 = Debug|Any CPU
		{4EF3AE27-964B-4D30-BD1B-2359DA1A3245}.Debug|x86.ActiveCfg = Debug|Any CPU
		{4EF3AE27-964B-4D30-BD1B-2359DA1A3245}.Debug|x86.Build.0 = Debug|Any CPU
		{4EF3AE27-964B-4D30-BD1B-2359DA1A3245}.Release|Any CPU.ActiveCfg = Release|Any CPU
		{4EF3AE27-964B-4D30-BD1B-2359DA1A3245}.Release|Any CPU.Build.0 = Release|Any CPU
		{4EF3AE27-964B-4D30-BD1B-2359DA1A3245}.Release|x64.ActiveCfg = Release|Any CPU
		{4EF3AE27-964B-4D30-BD1B-2359DA1A3245}.Release|x64.Build.0 = Release|Any CPU
		{4EF3AE27-964B-4D30-BD1B-2359DA1A3245}.Release|x86.ActiveCfg = Release|Any CPU
		{4EF3AE27-964B-4D30-BD1B-2359DA1A3245}.Release|x86.Build.0 = Release|Any CPU
		{9335B247-661C-43C6-AF74-73C5E9D93304}.Debug|Any CPU.ActiveCfg = Debug|Any CPU
		{9335B247-661C-43C6-AF74-73C5E9D93304}.Debug|Any CPU.Build.0 = Debug|Any CPU
		{9335B247-661C-43C6-AF74-73C5E9D93304}.Debug|x64.ActiveCfg = Debug|Any CPU
		{9335B247-661C-43C6-AF74-73C5E9D93304}.Debug|x64.Build.0 = Debug|Any CPU
		{9335B247-661C-43C6-AF74-73C5E9D93304}.Debug|x86.ActiveCfg = Debug|Any CPU
		{9335B247-661C-43C6-AF74-73C5E9D93304}.Debug|x86.Build.0 = Debug|Any CPU
		{9335B247-661C-43C6-AF74-73C5E9D93304}.Release|Any CPU.ActiveCfg = Release|Any CPU
		{9335B247-661C-43C6-AF74-73C5E9D93304}.Release|Any CPU.Build.0 = Release|Any CPU
		{9335B247-661C-43C6-AF74-73C5E9D93304}.Release|x64.ActiveCfg = Release|Any CPU
		{9335B247-661C-43C6-AF74-73C5E9D93304}.Release|x64.Build.0 = Release|Any CPU
		{9335B247-661C-43C6-AF74-73C5E9D93304}.Release|x86.ActiveCfg = Release|Any CPU
		{9335B247-661C-43C6-AF74-73C5E9D93304}.Release|x86.Build.0 = Release|Any CPU
		{A71BB8ED-52BD-4009-8A44-8F21000AE093}.Debug|Any CPU.ActiveCfg = Debug|Any CPU
		{A71BB8ED-52BD-4009-8A44-8F21000AE093}.Debug|Any CPU.Build.0 = Debug|Any CPU
		{A71BB8ED-52BD-4009-8A44-8F21000AE093}.Debug|x64.ActiveCfg = Debug|Any CPU
		{A71BB8ED-52BD-4009-8A44-8F21000AE093}.Debug|x64.Build.0 = Debug|Any CPU
		{A71BB8ED-52BD-4009-8A44-8F21000AE093}.Debug|x86.ActiveCfg = Debug|Any CPU
		{A71BB8ED-52BD-4009-8A44-8F21000AE093}.Debug|x86.Build.0 = Debug|Any CPU
		{A71BB8ED-52BD-4009-8A44-8F21000AE093}.Release|Any CPU.ActiveCfg = Release|Any CPU
		{A71BB8ED-52BD-4009-8A44-8F21000AE093}.Release|Any CPU.Build.0 = Release|Any CPU
		{A71BB8ED-52BD-4009-8A44-8F21000AE093}.Release|x64.ActiveCfg = Release|Any CPU
		{A71BB8ED-52BD-4009-8A44-8F21000AE093}.Release|x64.Build.0 = Release|Any CPU
		{A71BB8ED-52BD-4009-8A44-8F21000AE093}.Release|x86.ActiveCfg = Release|Any CPU
		{A71BB8ED-52BD-4009-8A44-8F21000AE093}.Release|x86.Build.0 = Release|Any CPU
		{FD37B51B-AA34-4BA7-9F76-353F3991EBA6}.Debug|Any CPU.ActiveCfg = Debug|Any CPU
		{FD37B51B-AA34-4BA7-9F76-353F3991EBA6}.Debug|Any CPU.Build.0 = Debug|Any CPU
		{FD37B51B-AA34-4BA7-9F76-353F3991EBA6}.Debug|x64.ActiveCfg = Debug|Any CPU
		{FD37B51B-AA34-4BA7-9F76-353F3991EBA6}.Debug|x64.Build.0 = Debug|Any CPU
		{FD37B51B-AA34-4BA7-9F76-353F3991EBA6}.Debug|x86.ActiveCfg = Debug|Any CPU
		{FD37B51B-AA34-4BA7-9F76-353F3991EBA6}.Debug|x86.Build.0 = Debug|Any CPU
		{FD37B51B-AA34-4BA7-9F76-353F3991EBA6}.Release|Any CPU.ActiveCfg = Release|Any CPU
		{FD37B51B-AA34-4BA7-9F76-353F3991EBA6}.Release|Any CPU.Build.0 = Release|Any CPU
		{FD37B51B-AA34-4BA7-9F76-353F3991EBA6}.Release|x64.ActiveCfg = Release|Any CPU
		{FD37B51B-AA34-4BA7-9F76-353F3991EBA6}.Release|x64.Build.0 = Release|Any CPU
		{FD37B51B-AA34-4BA7-9F76-353F3991EBA6}.Release|x86.ActiveCfg = Release|Any CPU
		{FD37B51B-AA34-4BA7-9F76-353F3991EBA6}.Release|x86.Build.0 = Release|Any CPU
		{362A557A-0F1E-4656-B5E7-8844BD11440A}.Debug|Any CPU.ActiveCfg = Debug|Any CPU
		{362A557A-0F1E-4656-B5E7-8844BD11440A}.Debug|Any CPU.Build.0 = Debug|Any CPU
		{362A557A-0F1E-4656-B5E7-8844BD11440A}.Debug|x64.ActiveCfg = Debug|Any CPU
		{362A557A-0F1E-4656-B5E7-8844BD11440A}.Debug|x64.Build.0 = Debug|Any CPU
		{362A557A-0F1E-4656-B5E7-8844BD11440A}.Debug|x86.ActiveCfg = Debug|Any CPU
		{362A557A-0F1E-4656-B5E7-8844BD11440A}.Debug|x86.Build.0 = Debug|Any CPU
		{362A557A-0F1E-4656-B5E7-8844BD11440A}.Release|Any CPU.ActiveCfg = Release|Any CPU
		{362A557A-0F1E-4656-B5E7-8844BD11440A}.Release|Any CPU.Build.0 = Release|Any CPU
		{362A557A-0F1E-4656-B5E7-8844BD11440A}.Release|x64.ActiveCfg = Release|Any CPU
		{362A557A-0F1E-4656-B5E7-8844BD11440A}.Release|x64.Build.0 = Release|Any CPU
		{362A557A-0F1E-4656-B5E7-8844BD11440A}.Release|x86.ActiveCfg = Release|Any CPU
		{362A557A-0F1E-4656-B5E7-8844BD11440A}.Release|x86.Build.0 = Release|Any CPU
		{B743D081-DF30-4BB7-A1F3-DC0AF5F208A0}.Debug|Any CPU.ActiveCfg = Debug|Any CPU
		{B743D081-DF30-4BB7-A1F3-DC0AF5F208A0}.Debug|Any CPU.Build.0 = Debug|Any CPU
		{B743D081-DF30-4BB7-A1F3-DC0AF5F208A0}.Debug|x64.ActiveCfg = Debug|Any CPU
		{B743D081-DF30-4BB7-A1F3-DC0AF5F208A0}.Debug|x64.Build.0 = Debug|Any CPU
		{B743D081-DF30-4BB7-A1F3-DC0AF5F208A0}.Debug|x86.ActiveCfg = Debug|Any CPU
		{B743D081-DF30-4BB7-A1F3-DC0AF5F208A0}.Debug|x86.Build.0 = Debug|Any CPU
		{B743D081-DF30-4BB7-A1F3-DC0AF5F208A0}.Release|Any CPU.ActiveCfg = Release|Any CPU
		{B743D081-DF30-4BB7-A1F3-DC0AF5F208A0}.Release|Any CPU.Build.0 = Release|Any CPU
		{B743D081-DF30-4BB7-A1F3-DC0AF5F208A0}.Release|x64.ActiveCfg = Release|Any CPU
		{B743D081-DF30-4BB7-A1F3-DC0AF5F208A0}.Release|x64.Build.0 = Release|Any CPU
		{B743D081-DF30-4BB7-A1F3-DC0AF5F208A0}.Release|x86.ActiveCfg = Release|Any CPU
		{B743D081-DF30-4BB7-A1F3-DC0AF5F208A0}.Release|x86.Build.0 = Release|Any CPU
		{45EDF522-8081-4A7B-9FB9-422CB5DA52E6}.Debug|Any CPU.ActiveCfg = Debug|Any CPU
		{45EDF522-8081-4A7B-9FB9-422CB5DA52E6}.Debug|Any CPU.Build.0 = Debug|Any CPU
		{45EDF522-8081-4A7B-9FB9-422CB5DA52E6}.Debug|x64.ActiveCfg = Debug|Any CPU
		{45EDF522-8081-4A7B-9FB9-422CB5DA52E6}.Debug|x64.Build.0 = Debug|Any CPU
		{45EDF522-8081-4A7B-9FB9-422CB5DA52E6}.Debug|x86.ActiveCfg = Debug|Any CPU
		{45EDF522-8081-4A7B-9FB9-422CB5DA52E6}.Debug|x86.Build.0 = Debug|Any CPU
		{45EDF522-8081-4A7B-9FB9-422CB5DA52E6}.Release|Any CPU.ActiveCfg = Release|Any CPU
		{45EDF522-8081-4A7B-9FB9-422CB5DA52E6}.Release|Any CPU.Build.0 = Release|Any CPU
		{45EDF522-8081-4A7B-9FB9-422CB5DA52E6}.Release|x64.ActiveCfg = Release|Any CPU
		{45EDF522-8081-4A7B-9FB9-422CB5DA52E6}.Release|x64.Build.0 = Release|Any CPU
		{45EDF522-8081-4A7B-9FB9-422CB5DA52E6}.Release|x86.ActiveCfg = Release|Any CPU
		{45EDF522-8081-4A7B-9FB9-422CB5DA52E6}.Release|x86.Build.0 = Release|Any CPU
		{8517ED65-D64B-48D2-A855-0B33166BEC8D}.Debug|Any CPU.ActiveCfg = Debug|Any CPU
		{8517ED65-D64B-48D2-A855-0B33166BEC8D}.Debug|Any CPU.Build.0 = Debug|Any CPU
		{8517ED65-D64B-48D2-A855-0B33166BEC8D}.Debug|x64.ActiveCfg = Debug|Any CPU
		{8517ED65-D64B-48D2-A855-0B33166BEC8D}.Debug|x64.Build.0 = Debug|Any CPU
		{8517ED65-D64B-48D2-A855-0B33166BEC8D}.Debug|x86.ActiveCfg = Debug|Any CPU
		{8517ED65-D64B-48D2-A855-0B33166BEC8D}.Debug|x86.Build.0 = Debug|Any CPU
		{8517ED65-D64B-48D2-A855-0B33166BEC8D}.Release|Any CPU.ActiveCfg = Release|Any CPU
		{8517ED65-D64B-48D2-A855-0B33166BEC8D}.Release|Any CPU.Build.0 = Release|Any CPU
		{8517ED65-D64B-48D2-A855-0B33166BEC8D}.Release|x64.ActiveCfg = Release|Any CPU
		{8517ED65-D64B-48D2-A855-0B33166BEC8D}.Release|x64.Build.0 = Release|Any CPU
		{8517ED65-D64B-48D2-A855-0B33166BEC8D}.Release|x86.ActiveCfg = Release|Any CPU
		{8517ED65-D64B-48D2-A855-0B33166BEC8D}.Release|x86.Build.0 = Release|Any CPU
		{3563F507-7920-42F8-BC3C-61CCA0178173}.Debug|Any CPU.ActiveCfg = Debug|Any CPU
		{3563F507-7920-42F8-BC3C-61CCA0178173}.Debug|Any CPU.Build.0 = Debug|Any CPU
		{3563F507-7920-42F8-BC3C-61CCA0178173}.Debug|x64.ActiveCfg = Debug|Any CPU
		{3563F507-7920-42F8-BC3C-61CCA0178173}.Debug|x64.Build.0 = Debug|Any CPU
		{3563F507-7920-42F8-BC3C-61CCA0178173}.Debug|x86.ActiveCfg = Debug|Any CPU
		{3563F507-7920-42F8-BC3C-61CCA0178173}.Debug|x86.Build.0 = Debug|Any CPU
		{3563F507-7920-42F8-BC3C-61CCA0178173}.Release|Any CPU.ActiveCfg = Release|Any CPU
		{3563F507-7920-42F8-BC3C-61CCA0178173}.Release|Any CPU.Build.0 = Release|Any CPU
		{3563F507-7920-42F8-BC3C-61CCA0178173}.Release|x64.ActiveCfg = Release|Any CPU
		{3563F507-7920-42F8-BC3C-61CCA0178173}.Release|x64.Build.0 = Release|Any CPU
		{3563F507-7920-42F8-BC3C-61CCA0178173}.Release|x86.ActiveCfg = Release|Any CPU
		{3563F507-7920-42F8-BC3C-61CCA0178173}.Release|x86.Build.0 = Release|Any CPU
		{6EE505BC-583A-4906-889E-6AECBF081458}.Debug|Any CPU.ActiveCfg = Debug|Any CPU
		{6EE505BC-583A-4906-889E-6AECBF081458}.Debug|Any CPU.Build.0 = Debug|Any CPU
		{6EE505BC-583A-4906-889E-6AECBF081458}.Debug|x64.ActiveCfg = Debug|Any CPU
		{6EE505BC-583A-4906-889E-6AECBF081458}.Debug|x64.Build.0 = Debug|Any CPU
		{6EE505BC-583A-4906-889E-6AECBF081458}.Debug|x86.ActiveCfg = Debug|Any CPU
		{6EE505BC-583A-4906-889E-6AECBF081458}.Debug|x86.Build.0 = Debug|Any CPU
		{6EE505BC-583A-4906-889E-6AECBF081458}.Release|Any CPU.ActiveCfg = Release|Any CPU
		{6EE505BC-583A-4906-889E-6AECBF081458}.Release|Any CPU.Build.0 = Release|Any CPU
		{6EE505BC-583A-4906-889E-6AECBF081458}.Release|x64.ActiveCfg = Release|Any CPU
		{6EE505BC-583A-4906-889E-6AECBF081458}.Release|x64.Build.0 = Release|Any CPU
		{6EE505BC-583A-4906-889E-6AECBF081458}.Release|x86.ActiveCfg = Release|Any CPU
		{6EE505BC-583A-4906-889E-6AECBF081458}.Release|x86.Build.0 = Release|Any CPU
		{AB4CC8CB-0B67-4FD4-B90B-3163C95C7FC7}.Debug|Any CPU.ActiveCfg = Debug|Any CPU
		{AB4CC8CB-0B67-4FD4-B90B-3163C95C7FC7}.Debug|Any CPU.Build.0 = Debug|Any CPU
		{AB4CC8CB-0B67-4FD4-B90B-3163C95C7FC7}.Debug|x64.ActiveCfg = Debug|Any CPU
		{AB4CC8CB-0B67-4FD4-B90B-3163C95C7FC7}.Debug|x64.Build.0 = Debug|Any CPU
		{AB4CC8CB-0B67-4FD4-B90B-3163C95C7FC7}.Debug|x86.ActiveCfg = Debug|Any CPU
		{AB4CC8CB-0B67-4FD4-B90B-3163C95C7FC7}.Debug|x86.Build.0 = Debug|Any CPU
		{AB4CC8CB-0B67-4FD4-B90B-3163C95C7FC7}.Release|Any CPU.ActiveCfg = Release|Any CPU
		{AB4CC8CB-0B67-4FD4-B90B-3163C95C7FC7}.Release|Any CPU.Build.0 = Release|Any CPU
		{AB4CC8CB-0B67-4FD4-B90B-3163C95C7FC7}.Release|x64.ActiveCfg = Release|Any CPU
		{AB4CC8CB-0B67-4FD4-B90B-3163C95C7FC7}.Release|x64.Build.0 = Release|Any CPU
		{AB4CC8CB-0B67-4FD4-B90B-3163C95C7FC7}.Release|x86.ActiveCfg = Release|Any CPU
		{AB4CC8CB-0B67-4FD4-B90B-3163C95C7FC7}.Release|x86.Build.0 = Release|Any CPU
		{9F0E114D-D231-456A-B326-08F6A936081A}.Debug|Any CPU.ActiveCfg = Debug|Any CPU
		{9F0E114D-D231-456A-B326-08F6A936081A}.Debug|Any CPU.Build.0 = Debug|Any CPU
		{9F0E114D-D231-456A-B326-08F6A936081A}.Debug|x64.ActiveCfg = Debug|Any CPU
		{9F0E114D-D231-456A-B326-08F6A936081A}.Debug|x64.Build.0 = Debug|Any CPU
		{9F0E114D-D231-456A-B326-08F6A936081A}.Debug|x86.ActiveCfg = Debug|Any CPU
		{9F0E114D-D231-456A-B326-08F6A936081A}.Debug|x86.Build.0 = Debug|Any CPU
		{9F0E114D-D231-456A-B326-08F6A936081A}.Release|Any CPU.ActiveCfg = Release|Any CPU
		{9F0E114D-D231-456A-B326-08F6A936081A}.Release|Any CPU.Build.0 = Release|Any CPU
		{9F0E114D-D231-456A-B326-08F6A936081A}.Release|x64.ActiveCfg = Release|Any CPU
		{9F0E114D-D231-456A-B326-08F6A936081A}.Release|x64.Build.0 = Release|Any CPU
		{9F0E114D-D231-456A-B326-08F6A936081A}.Release|x86.ActiveCfg = Release|Any CPU
		{9F0E114D-D231-456A-B326-08F6A936081A}.Release|x86.Build.0 = Release|Any CPU
		{406FF8C2-70C5-4C63-B7E3-B384D5DBB5E0}.Debug|Any CPU.ActiveCfg = Debug|Any CPU
		{406FF8C2-70C5-4C63-B7E3-B384D5DBB5E0}.Debug|Any CPU.Build.0 = Debug|Any CPU
		{406FF8C2-70C5-4C63-B7E3-B384D5DBB5E0}.Debug|x64.ActiveCfg = Debug|Any CPU
		{406FF8C2-70C5-4C63-B7E3-B384D5DBB5E0}.Debug|x64.Build.0 = Debug|Any CPU
		{406FF8C2-70C5-4C63-B7E3-B384D5DBB5E0}.Debug|x86.ActiveCfg = Debug|Any CPU
		{406FF8C2-70C5-4C63-B7E3-B384D5DBB5E0}.Debug|x86.Build.0 = Debug|Any CPU
		{406FF8C2-70C5-4C63-B7E3-B384D5DBB5E0}.Release|Any CPU.ActiveCfg = Release|Any CPU
		{406FF8C2-70C5-4C63-B7E3-B384D5DBB5E0}.Release|Any CPU.Build.0 = Release|Any CPU
		{406FF8C2-70C5-4C63-B7E3-B384D5DBB5E0}.Release|x64.ActiveCfg = Release|Any CPU
		{406FF8C2-70C5-4C63-B7E3-B384D5DBB5E0}.Release|x64.Build.0 = Release|Any CPU
		{406FF8C2-70C5-4C63-B7E3-B384D5DBB5E0}.Release|x86.ActiveCfg = Release|Any CPU
		{406FF8C2-70C5-4C63-B7E3-B384D5DBB5E0}.Release|x86.Build.0 = Release|Any CPU
		{DBBE6721-030A-441C-B2EE-495C7E67233B}.Debug|Any CPU.ActiveCfg = Debug|Any CPU
		{DBBE6721-030A-441C-B2EE-495C7E67233B}.Debug|Any CPU.Build.0 = Debug|Any CPU
		{DBBE6721-030A-441C-B2EE-495C7E67233B}.Debug|x64.ActiveCfg = Debug|Any CPU
		{DBBE6721-030A-441C-B2EE-495C7E67233B}.Debug|x64.Build.0 = Debug|Any CPU
		{DBBE6721-030A-441C-B2EE-495C7E67233B}.Debug|x86.ActiveCfg = Debug|Any CPU
		{DBBE6721-030A-441C-B2EE-495C7E67233B}.Debug|x86.Build.0 = Debug|Any CPU
		{DBBE6721-030A-441C-B2EE-495C7E67233B}.Release|Any CPU.ActiveCfg = Release|Any CPU
		{DBBE6721-030A-441C-B2EE-495C7E67233B}.Release|Any CPU.Build.0 = Release|Any CPU
		{DBBE6721-030A-441C-B2EE-495C7E67233B}.Release|x64.ActiveCfg = Release|Any CPU
		{DBBE6721-030A-441C-B2EE-495C7E67233B}.Release|x64.Build.0 = Release|Any CPU
		{DBBE6721-030A-441C-B2EE-495C7E67233B}.Release|x86.ActiveCfg = Release|Any CPU
		{DBBE6721-030A-441C-B2EE-495C7E67233B}.Release|x86.Build.0 = Release|Any CPU
		{DE6DE1F9-DC2C-4A49-9B24-C4697122CABA}.Debug|Any CPU.ActiveCfg = Debug|Any CPU
		{DE6DE1F9-DC2C-4A49-9B24-C4697122CABA}.Debug|Any CPU.Build.0 = Debug|Any CPU
		{DE6DE1F9-DC2C-4A49-9B24-C4697122CABA}.Debug|x64.ActiveCfg = Debug|Any CPU
		{DE6DE1F9-DC2C-4A49-9B24-C4697122CABA}.Debug|x64.Build.0 = Debug|Any CPU
		{DE6DE1F9-DC2C-4A49-9B24-C4697122CABA}.Debug|x86.ActiveCfg = Debug|Any CPU
		{DE6DE1F9-DC2C-4A49-9B24-C4697122CABA}.Debug|x86.Build.0 = Debug|Any CPU
		{DE6DE1F9-DC2C-4A49-9B24-C4697122CABA}.Release|Any CPU.ActiveCfg = Release|Any CPU
		{DE6DE1F9-DC2C-4A49-9B24-C4697122CABA}.Release|Any CPU.Build.0 = Release|Any CPU
		{DE6DE1F9-DC2C-4A49-9B24-C4697122CABA}.Release|x64.ActiveCfg = Release|Any CPU
		{DE6DE1F9-DC2C-4A49-9B24-C4697122CABA}.Release|x64.Build.0 = Release|Any CPU
		{DE6DE1F9-DC2C-4A49-9B24-C4697122CABA}.Release|x86.ActiveCfg = Release|Any CPU
		{DE6DE1F9-DC2C-4A49-9B24-C4697122CABA}.Release|x86.Build.0 = Release|Any CPU
		{E2A6987A-5B86-41D1-84CD-24E9B9C26772}.Debug|Any CPU.ActiveCfg = Debug|Any CPU
		{E2A6987A-5B86-41D1-84CD-24E9B9C26772}.Debug|Any CPU.Build.0 = Debug|Any CPU
		{E2A6987A-5B86-41D1-84CD-24E9B9C26772}.Debug|x64.ActiveCfg = Debug|Any CPU
		{E2A6987A-5B86-41D1-84CD-24E9B9C26772}.Debug|x64.Build.0 = Debug|Any CPU
		{E2A6987A-5B86-41D1-84CD-24E9B9C26772}.Debug|x86.ActiveCfg = Debug|Any CPU
		{E2A6987A-5B86-41D1-84CD-24E9B9C26772}.Debug|x86.Build.0 = Debug|Any CPU
		{E2A6987A-5B86-41D1-84CD-24E9B9C26772}.Release|Any CPU.ActiveCfg = Release|Any CPU
		{E2A6987A-5B86-41D1-84CD-24E9B9C26772}.Release|Any CPU.Build.0 = Release|Any CPU
		{E2A6987A-5B86-41D1-84CD-24E9B9C26772}.Release|x64.ActiveCfg = Release|Any CPU
		{E2A6987A-5B86-41D1-84CD-24E9B9C26772}.Release|x64.Build.0 = Release|Any CPU
		{E2A6987A-5B86-41D1-84CD-24E9B9C26772}.Release|x86.ActiveCfg = Release|Any CPU
		{E2A6987A-5B86-41D1-84CD-24E9B9C26772}.Release|x86.Build.0 = Release|Any CPU
		{7B96B0E5-986A-4929-9A7D-4A75C3C1C726}.Debug|Any CPU.ActiveCfg = Debug|Any CPU
		{7B96B0E5-986A-4929-9A7D-4A75C3C1C726}.Debug|Any CPU.Build.0 = Debug|Any CPU
		{7B96B0E5-986A-4929-9A7D-4A75C3C1C726}.Debug|x64.ActiveCfg = Debug|Any CPU
		{7B96B0E5-986A-4929-9A7D-4A75C3C1C726}.Debug|x64.Build.0 = Debug|Any CPU
		{7B96B0E5-986A-4929-9A7D-4A75C3C1C726}.Debug|x86.ActiveCfg = Debug|Any CPU
		{7B96B0E5-986A-4929-9A7D-4A75C3C1C726}.Debug|x86.Build.0 = Debug|Any CPU
		{7B96B0E5-986A-4929-9A7D-4A75C3C1C726}.Release|Any CPU.ActiveCfg = Release|Any CPU
		{7B96B0E5-986A-4929-9A7D-4A75C3C1C726}.Release|Any CPU.Build.0 = Release|Any CPU
		{7B96B0E5-986A-4929-9A7D-4A75C3C1C726}.Release|x64.ActiveCfg = Release|Any CPU
		{7B96B0E5-986A-4929-9A7D-4A75C3C1C726}.Release|x64.Build.0 = Release|Any CPU
		{7B96B0E5-986A-4929-9A7D-4A75C3C1C726}.Release|x86.ActiveCfg = Release|Any CPU
		{7B96B0E5-986A-4929-9A7D-4A75C3C1C726}.Release|x86.Build.0 = Release|Any CPU
		{7ABD25E3-B085-4D8F-BAC5-5196620A3B0B}.Debug|Any CPU.ActiveCfg = Debug|Any CPU
		{7ABD25E3-B085-4D8F-BAC5-5196620A3B0B}.Debug|Any CPU.Build.0 = Debug|Any CPU
		{7ABD25E3-B085-4D8F-BAC5-5196620A3B0B}.Debug|x64.ActiveCfg = Debug|Any CPU
		{7ABD25E3-B085-4D8F-BAC5-5196620A3B0B}.Debug|x64.Build.0 = Debug|Any CPU
		{7ABD25E3-B085-4D8F-BAC5-5196620A3B0B}.Debug|x86.ActiveCfg = Debug|Any CPU
		{7ABD25E3-B085-4D8F-BAC5-5196620A3B0B}.Debug|x86.Build.0 = Debug|Any CPU
		{7ABD25E3-B085-4D8F-BAC5-5196620A3B0B}.Release|Any CPU.ActiveCfg = Release|Any CPU
		{7ABD25E3-B085-4D8F-BAC5-5196620A3B0B}.Release|Any CPU.Build.0 = Release|Any CPU
		{7ABD25E3-B085-4D8F-BAC5-5196620A3B0B}.Release|x64.ActiveCfg = Release|Any CPU
		{7ABD25E3-B085-4D8F-BAC5-5196620A3B0B}.Release|x64.Build.0 = Release|Any CPU
		{7ABD25E3-B085-4D8F-BAC5-5196620A3B0B}.Release|x86.ActiveCfg = Release|Any CPU
		{7ABD25E3-B085-4D8F-BAC5-5196620A3B0B}.Release|x86.Build.0 = Release|Any CPU
	EndGlobalSection
	GlobalSection(SolutionProperties) = preSolution
		HideSolutionNode = FALSE
	EndGlobalSection
	GlobalSection(NestedProjects) = preSolution
		{1CB10081-48FE-459B-A6D7-3F07B54C72EF} = {827E0CD3-B72D-47B6-A68D-7590B98EB39B}
		{33634028-8C19-4ABB-BB23-677F8B1FEF46} = {827E0CD3-B72D-47B6-A68D-7590B98EB39B}
		{D7528D11-5D99-4CB3-92B8-F879E2DD9E9C} = {827E0CD3-B72D-47B6-A68D-7590B98EB39B}
		{CA7B29F5-DC18-4322-956C-DBEDEED17BD8} = {827E0CD3-B72D-47B6-A68D-7590B98EB39B}
		{F213774A-BCBA-4F9B-889F-96920CE8D9E7} = {827E0CD3-B72D-47B6-A68D-7590B98EB39B}
		{AAD0C610-B2B6-43A9-9830-81EC8E563F92} = {0AB3BF05-4346-4AA6-1389-037BE0695223}
		{BE4460E7-3923-42DC-922A-368B56DA9599} = {0AB3BF05-4346-4AA6-1389-037BE0695223}
		{7F68AEB5-63E5-46D8-A751-756591E8DB2D} = {0AB3BF05-4346-4AA6-1389-037BE0695223}
		{B03EEEB7-6EB1-47CC-98A6-C7087599C717} = {0AB3BF05-4346-4AA6-1389-037BE0695223}
		{D3C99C36-D995-4E24-95A3-895FC615A32D} = {0AB3BF05-4346-4AA6-1389-037BE0695223}
		{F81D160C-C8E8-4379-839E-B2B2C95B9729} = {0AB3BF05-4346-4AA6-1389-037BE0695223}
		{4EF3AE27-964B-4D30-BD1B-2359DA1A3245} = {0AB3BF05-4346-4AA6-1389-037BE0695223}
		{9335B247-661C-43C6-AF74-73C5E9D93304} = {0AB3BF05-4346-4AA6-1389-037BE0695223}
		{A71BB8ED-52BD-4009-8A44-8F21000AE093} = {0AB3BF05-4346-4AA6-1389-037BE0695223}
		{FD37B51B-AA34-4BA7-9F76-353F3991EBA6} = {0AB3BF05-4346-4AA6-1389-037BE0695223}
		{362A557A-0F1E-4656-B5E7-8844BD11440A} = {0AB3BF05-4346-4AA6-1389-037BE0695223}
		{B743D081-DF30-4BB7-A1F3-DC0AF5F208A0} = {0AB3BF05-4346-4AA6-1389-037BE0695223}
		{45EDF522-8081-4A7B-9FB9-422CB5DA52E6} = {0AB3BF05-4346-4AA6-1389-037BE0695223}
		{8517ED65-D64B-48D2-A855-0B33166BEC8D} = {0AB3BF05-4346-4AA6-1389-037BE0695223}
		{3563F507-7920-42F8-BC3C-61CCA0178173} = {0AB3BF05-4346-4AA6-1389-037BE0695223}
		{6EE505BC-583A-4906-889E-6AECBF081458} = {0AB3BF05-4346-4AA6-1389-037BE0695223}
		{AB4CC8CB-0B67-4FD4-B90B-3163C95C7FC7} = {0AB3BF05-4346-4AA6-1389-037BE0695223}
		{9F0E114D-D231-456A-B326-08F6A936081A} = {0AB3BF05-4346-4AA6-1389-037BE0695223}
		{406FF8C2-70C5-4C63-B7E3-B384D5DBB5E0} = {0AB3BF05-4346-4AA6-1389-037BE0695223}
		{DBBE6721-030A-441C-B2EE-495C7E67233B} = {0AB3BF05-4346-4AA6-1389-037BE0695223}
		{DE6DE1F9-DC2C-4A49-9B24-C4697122CABA} = {0AB3BF05-4346-4AA6-1389-037BE0695223}
		{E2A6987A-5B86-41D1-84CD-24E9B9C26772} = {0AB3BF05-4346-4AA6-1389-037BE0695223}
		{7B96B0E5-986A-4929-9A7D-4A75C3C1C726} = {0AB3BF05-4346-4AA6-1389-037BE0695223}
		{7ABD25E3-B085-4D8F-BAC5-5196620A3B0B} = {0AB3BF05-4346-4AA6-1389-037BE0695223}
	EndGlobalSection
EndGlobal
