
Microsoft Visual Studio Solution File, Format Version 12.00
# Visual Studio Version 17
VisualStudioVersion = 17.0.31903.59
MinimumVisualStudioVersion = 10.0.40219.1
Project("{2150E333-8FDC-42A3-9474-1A3956D46DE8}") = "src", "src", "{827E0CD3-B72D-47B6-A68D-7590B98EB39B}"
EndProject
Project("{FAE04EC0-301F-11D3-BF4B-00C04F79EFBC}") = "Hydronom.Core", "src\Hydronom.Core\Hydronom.Core.csproj", "{1CB10081-48FE-459B-A6D7-3F07B54C72EF}"
EndProject
Project("{FAE04EC0-301F-11D3-BF4B-00C04F79EFBC}") = "Hydronom.Runtime", "src\Hydronom.Runtime\Hydronom.Runtime.csproj", "{33634028-8C19-4ABB-BB23-677F8B1FEF46}"
EndProject
Project("{FAE04EC0-301F-11D3-BF4B-00C04F79EFBC}") = "Hydronom.AI", "src\Hydronom.AI\Hydronom.AI.csproj", "{D7528D11-5D99-4CB3-92B8-F879E2DD9E9C}"
EndProject
Project("{FAE04EC0-301F-11D3-BF4B-00C04F79EFBC}") = "HydronomOps.Gateway", "src\HydronomOps.Gateway\HydronomOps.Gateway.csproj", "{CA7B29F5-DC18-4322-956C-DBEDEED17BD8}"
EndProject
Project("{FAE04EC0-301F-11D3-BF4B-00C04F79EFBC}") = "Hydronom.GroundStation", "src\Hydronom.GroundStation\Hydronom.GroundStation.csproj", "{F213774A-BCBA-4F9B-889F-96920CE8D9E7}"
EndProject
Project("{2150E333-8FDC-42A3-9474-1A3956D46DE8}") = "tests", "tests", "{0AB3BF05-4346-4AA6-1389-037BE0695223}"
EndProject
Project("{FAE04EC0-301F-11D3-BF4B-00C04F79EFBC}") = "Hydronom.GroundStation.SmokeTest", "tests\Hydronom.GroundStation.SmokeTest\Hydronom.GroundStation.SmokeTest.csproj", "{AAD0C610-B2B6-43A9-9830-81EC8E563F92}"
EndProject
Project("{FAE04EC0-301F-11D3-BF4B-00C04F79EFBC}") = "Hydronom.Runtime.ScenarioSmokeTest", "tests\Hydronom.Runtime.ScenarioSmokeTest\Hydronom.Runtime.ScenarioSmokeTest.csproj", "{BE4460E7-3923-42DC-922A-368B56DA9599}"
EndProject
Project("{FAE04EC0-301F-11D3-BF4B-00C04F79EFBC}") = "Hydronom.Core.FusionSmokeTest", "tests\Hydronom.Core.FusionSmokeTest\Hydronom.Core.FusionSmokeTest.csproj", "{7F68AEB5-63E5-46D8-A751-756591E8DB2D}"
EndProject
Project("{FAE04EC0-301F-11D3-BF4B-00C04F79EFBC}") = "Hydronom.Runtime.PipelineSmokeTest", "tests\Hydronom.Runtime.PipelineSmokeTest\Hydronom.Runtime.PipelineSmokeTest.csproj", "{B03EEEB7-6EB1-47CC-98A6-C7087599C717}"
EndProject
Global
	GlobalSection(SolutionConfigurationPlatforms) = preSolution
		Debug|Any CPU = Debug|Any CPU
		Debug|x64 = Debug|x64
		Debug|x86 = Debug|x86
		Release|Any CPU = Release|Any CPU
		Release|x64 = Release|x64
		Release|x86 = Release|x86
	EndGlobalSection
	GlobalSection(ProjectConfigurationPlatforms) = postSolution
		{1CB10081-48FE-459B-A6D7-3F07B54C72EF}.Debug|Any CPU.ActiveCfg = Debug|Any CPU
		{1CB10081-48FE-459B-A6D7-3F07B54C72EF}.Debug|Any CPU.Build.0 = Debug|Any CPU
		{1CB10081-48FE-459B-A6D7-3F07B54C72EF}.Debug|x64.ActiveCfg = Debug|Any CPU
		{1CB10081-48FE-459B-A6D7-3F07B54C72EF}.Debug|x64.Build.0 = Debug|Any CPU
		{1CB10081-48FE-459B-A6D7-3F07B54C72EF}.Debug|x86.ActiveCfg = Debug|Any CPU
		{1CB10081-48FE-459B-A6D7-3F07B54C72EF}.Debug|x86.Build.0 = Debug|Any CPU
		{1CB10081-48FE-459B-A6D7-3F07B54C72EF}.Release|Any CPU.ActiveCfg = Release|Any CPU
		{1CB10081-48FE-459B-A6D7-3F07B54C72EF}.Release|Any CPU.Build.0 = Release|Any CPU
		{1CB10081-48FE-459B-A6D7-3F07B54C72EF}.Release|x64.ActiveCfg = Release|Any CPU
		{1CB10081-48FE-459B-A6D7-3F07B54C72EF}.Release|x64.Build.0 = Release|Any CPU
		{1CB10081-48FE-459B-A6D7-3F07B54C72EF}.Release|x86.ActiveCfg = Release|Any CPU
		{1CB10081-48FE-459B-A6D7-3F07B54C72EF}.Release|x86.Build.0 = Release|Any CPU
		{33634028-8C19-4ABB-BB23-677F8B1FEF46}.Debug|Any CPU.ActiveCfg = Debug|Any CPU
		{33634028-8C19-4ABB-BB23-677F8B1FEF46}.Debug|Any CPU.Build.0 = Debug|Any CPU
		{33634028-8C19-4ABB-BB23-677F8B1FEF46}.Debug|x64.ActiveCfg = Debug|Any CPU
		{33634028-8C19-4ABB-BB23-677F8B1FEF46}.Debug|x64.Build.0 = Debug|Any CPU
		{33634028-8C19-4ABB-BB23-677F8B1FEF46}.Debug|x86.ActiveCfg = Debug|Any CPU
		{33634028-8C19-4ABB-BB23-677F8B1FEF46}.Debug|x86.Build.0 = Debug|Any CPU
		{33634028-8C19-4ABB-BB23-677F8B1FEF46}.Release|Any CPU.ActiveCfg = Release|Any CPU
		{33634028-8C19-4ABB-BB23-677F8B1FEF46}.Release|Any CPU.Build.0 = Release|Any CPU
		{33634028-8C19-4ABB-BB23-677F8B1FEF46}.Release|x64.ActiveCfg = Release|Any CPU
		{33634028-8C19-4ABB-BB23-677F8B1FEF46}.Release|x64.Build.0 = Release|Any CPU
		{33634028-8C19-4ABB-BB23-677F8B1FEF46}.Release|x86.ActiveCfg = Release|Any CPU
		{33634028-8C19-4ABB-BB23-677F8B1FEF46}.Release|x86.Build.0 = Release|Any CPU
		{D7528D11-5D99-4CB3-92B8-F879E2DD9E9C}.Debug|Any CPU.ActiveCfg = Debug|Any CPU
		{D7528D11-5D99-4CB3-92B8-F879E2DD9E9C}.Debug|Any CPU.Build.0 = Debug|Any CPU
		{D7528D11-5D99-4CB3-92B8-F879E2DD9E9C}.Debug|x64.ActiveCfg = Debug|Any CPU
		{D7528D11-5D99-4CB3-92B8-F879E2DD9E9C}.Debug|x64.Build.0 = Debug|Any CPU
		{D7528D11-5D99-4CB3-92B8-F879E2DD9E9C}.Debug|x86.ActiveCfg = Debug|Any CPU
		{D7528D11-5D99-4CB3-92B8-F879E2DD9E9C}.Debug|x86.Build.0 = Debug|Any CPU
		{D7528D11-5D99-4CB3-92B8-F879E2DD9E9C}.Release|Any CPU.ActiveCfg = Release|Any CPU
		{D7528D11-5D99-4CB3-92B8-F879E2DD9E9C}.Release|Any CPU.Build.0 = Release|Any CPU
		{D7528D11-5D99-4CB3-92B8-F879E2DD9E9C}.Release|x64.ActiveCfg = Release|Any CPU
		{D7528D11-5D99-4CB3-92B8-F879E2DD9E9C}.Release|x64.Build.0 = Release|Any CPU
		{D7528D11-5D99-4CB3-92B8-F879E2DD9E9C}.Release|x86.ActiveCfg = Release|Any CPU
		{D7528D11-5D99-4CB3-92B8-F879E2DD9E9C}.Release|x86.Build.0 = Release|Any CPU
		{CA7B29F5-DC18-4322-956C-DBEDEED17BD8}.Debug|Any CPU.ActiveCfg = Debug|Any CPU
		{CA7B29F5-DC18-4322-956C-DBEDEED17BD8}.Debug|Any CPU.Build.0 = Debug|Any CPU
		{CA7B29F5-DC18-4322-956C-DBEDEED17BD8}.Debug|x64.ActiveCfg = Debug|Any CPU
		{CA7B29F5-DC18-4322-956C-DBEDEED17BD8}.Debug|x64.Build.0 = Debug|Any CPU
		{CA7B29F5-DC18-4322-956C-DBEDEED17BD8}.Debug|x86.ActiveCfg = Debug|Any CPU
		{CA7B29F5-DC18-4322-956C-DBEDEED17BD8}.Debug|x86.Build.0 = Debug|Any CPU
		{CA7B29F5-DC18-4322-956C-DBEDEED17BD8}.Release|Any CPU.ActiveCfg = Release|Any CPU
		{CA7B29F5-DC18-4322-956C-DBEDEED17BD8}.Release|Any CPU.Build.0 = Release|Any CPU
		{CA7B29F5-DC18-4322-956C-DBEDEED17BD8}.Release|x64.ActiveCfg = Release|Any CPU
		{CA7B29F5-DC18-4322-956C-DBEDEED17BD8}.Release|x64.Build.0 = Release|Any CPU
		{CA7B29F5-DC18-4322-956C-DBEDEED17BD8}.Release|x86.ActiveCfg = Release|Any CPU
		{CA7B29F5-DC18-4322-956C-DBEDEED17BD8}.Release|x86.Build.0 = Release|Any CPU
		{F213774A-BCBA-4F9B-889F-96920CE8D9E7}.Debug|Any CPU.ActiveCfg = Debug|Any CPU
		{F213774A-BCBA-4F9B-889F-96920CE8D9E7}.Debug|Any CPU.Build.0 = Debug|Any CPU
		{F213774A-BCBA-4F9B-889F-96920CE8D9E7}.Debug|x64.ActiveCfg = Debug|Any CPU
		{F213774A-BCBA-4F9B-889F-96920CE8D9E7}.Debug|x64.Build.0 = Debug|Any CPU
		{F213774A-BCBA-4F9B-889F-96920CE8D9E7}.Debug|x86.ActiveCfg = Debug|Any CPU
		{F213774A-BCBA-4F9B-889F-96920CE8D9E7}.Debug|x86.Build.0 = Debug|Any CPU
		{F213774A-BCBA-4F9B-889F-96920CE8D9E7}.Release|Any CPU.ActiveCfg = Release|Any CPU
		{F213774A-BCBA-4F9B-889F-96920CE8D9E7}.Release|Any CPU.Build.0 = Release|Any CPU
		{F213774A-BCBA-4F9B-889F-96920CE8D9E7}.Release|x64.ActiveCfg = Release|Any CPU
		{F213774A-BCBA-4F9B-889F-96920CE8D9E7}.Release|x64.Build.0 = Release|Any CPU
		{F213774A-BCBA-4F9B-889F-96920CE8D9E7}.Release|x86.ActiveCfg = Release|Any CPU
		{F213774A-BCBA-4F9B-889F-96920CE8D9E7}.Release|x86.Build.0 = Release|Any CPU
		{AAD0C610-B2B6-43A9-9830-81EC8E563F92}.Debug|Any CPU.ActiveCfg = Debug|Any CPU
		{AAD0C610-B2B6-43A9-9830-81EC8E563F92}.Debug|Any CPU.Build.0 = Debug|Any CPU
		{AAD0C610-B2B6-43A9-9830-81EC8E563F92}.Debug|x64.ActiveCfg = Debug|Any CPU
		{AAD0C610-B2B6-43A9-9830-81EC8E563F92}.Debug|x64.Build.0 = Debug|Any CPU
		{AAD0C610-B2B6-43A9-9830-81EC8E563F92}.Debug|x86.ActiveCfg = Debug|Any CPU
		{AAD0C610-B2B6-43A9-9830-81EC8E563F92}.Debug|x86.Build.0 = Debug|Any CPU
		{AAD0C610-B2B6-43A9-9830-81EC8E563F92}.Release|Any CPU.ActiveCfg = Release|Any CPU
		{AAD0C610-B2B6-43A9-9830-81EC8E563F92}.Release|Any CPU.Build.0 = Release|Any CPU
		{AAD0C610-B2B6-43A9-9830-81EC8E563F92}.Release|x64.ActiveCfg = Release|Any CPU
		{AAD0C610-B2B6-43A9-9830-81EC8E563F92}.Release|x64.Build.0 = Release|Any CPU
		{AAD0C610-B2B6-43A9-9830-81EC8E563F92}.Release|x86.ActiveCfg = Release|Any CPU
		{AAD0C610-B2B6-43A9-9830-81EC8E563F92}.Release|x86.Build.0 = Release|Any CPU
		{BE4460E7-3923-42DC-922A-368B56DA9599}.Debug|Any CPU.ActiveCfg = Debug|Any CPU
		{BE4460E7-3923-42DC-922A-368B56DA9599}.Debug|Any CPU.Build.0 = Debug|Any CPU
		{BE4460E7-3923-42DC-922A-368B56DA9599}.Debug|x64.ActiveCfg = Debug|Any CPU
		{BE4460E7-3923-42DC-922A-368B56DA9599}.Debug|x64.Build.0 = Debug|Any CPU
		{BE4460E7-3923-42DC-922A-368B56DA9599}.Debug|x86.ActiveCfg = Debug|Any CPU
		{BE4460E7-3923-42DC-922A-368B56DA9599}.Debug|x86.Build.0 = Debug|Any CPU
		{BE4460E7-3923-42DC-922A-368B56DA9599}.Release|Any CPU.ActiveCfg = Release|Any CPU
		{BE4460E7-3923-42DC-922A-368B56DA9599}.Release|Any CPU.Build.0 = Release|Any CPU
		{BE4460E7-3923-42DC-922A-368B56DA9599}.Release|x64.ActiveCfg = Release|Any CPU
		{BE4460E7-3923-42DC-922A-368B56DA9599}.Release|x64.Build.0 = Release|Any CPU
		{BE4460E7-3923-42DC-922A-368B56DA9599}.Release|x86.ActiveCfg = Release|Any CPU
		{BE4460E7-3923-42DC-922A-368B56DA9599}.Release|x86.Build.0 = Release|Any CPU
		{7F68AEB5-63E5-46D8-A751-756591E8DB2D}.Debug|Any CPU.ActiveCfg = Debug|Any CPU
		{7F68AEB5-63E5-46D8-A751-756591E8DB2D}.Debug|Any CPU.Build.0 = Debug|Any CPU
		{7F68AEB5-63E5-46D8-A751-756591E8DB2D}.Debug|x64.ActiveCfg = Debug|Any CPU
		{7F68AEB5-63E5-46D8-A751-756591E8DB2D}.Debug|x64.Build.0 = Debug|Any CPU
		{7F68AEB5-63E5-46D8-A751-756591E8DB2D}.Debug|x86.ActiveCfg = Debug|Any CPU
		{7F68AEB5-63E5-46D8-A751-756591E8DB2D}.Debug|x86.Build.0 = Debug|Any CPU
		{7F68AEB5-63E5-46D8-A751-756591E8DB2D}.Release|Any CPU.ActiveCfg = Release|Any CPU
		{7F68AEB5-63E5-46D8-A751-756591E8DB2D}.Release|Any CPU.Build.0 = Release|Any CPU
		{7F68AEB5-63E5-46D8-A751-756591E8DB2D}.Release|x64.ActiveCfg = Release|Any CPU
		{7F68AEB5-63E5-46D8-A751-756591E8DB2D}.Release|x64.Build.0 = Release|Any CPU
		{7F68AEB5-63E5-46D8-A751-756591E8DB2D}.Release|x86.ActiveCfg = Release|Any CPU
		{7F68AEB5-63E5-46D8-A751-756591E8DB2D}.Release|x86.Build.0 = Release|Any CPU
		{B03EEEB7-6EB1-47CC-98A6-C7087599C717}.Debug|Any CPU.ActiveCfg = Debug|Any CPU
		{B03EEEB7-6EB1-47CC-98A6-C7087599C717}.Debug|Any CPU.Build.0 = Debug|Any CPU
		{B03EEEB7-6EB1-47CC-98A6-C7087599C717}.Debug|x64.ActiveCfg = Debug|Any CPU
		{B03EEEB7-6EB1-47CC-98A6-C7087599C717}.Debug|x64.Build.0 = Debug|Any CPU
		{B03EEEB7-6EB1-47CC-98A6-C7087599C717}.Debug|x86.ActiveCfg = Debug|Any CPU
		{B03EEEB7-6EB1-47CC-98A6-C7087599C717}.Debug|x86.Build.0 = Debug|Any CPU
		{B03EEEB7-6EB1-47CC-98A6-C7087599C717}.Release|Any CPU.ActiveCfg = Release|Any CPU
		{B03EEEB7-6EB1-47CC-98A6-C7087599C717}.Release|Any CPU.Build.0 = Release|Any CPU
		{B03EEEB7-6EB1-47CC-98A6-C7087599C717}.Release|x64.ActiveCfg = Release|Any CPU
		{B03EEEB7-6EB1-47CC-98A6-C7087599C717}.Release|x64.Build.0 = Release|Any CPU
		{B03EEEB7-6EB1-47CC-98A6-C7087599C717}.Release|x86.ActiveCfg = Release|Any CPU
		{B03EEEB7-6EB1-47CC-98A6-C7087599C717}.Release|x86.Build.0 = Release|Any CPU
	EndGlobalSection
	GlobalSection(SolutionProperties) = preSolution
		HideSolutionNode = FALSE
	EndGlobalSection
	GlobalSection(NestedProjects) = preSolution
		{1CB10081-48FE-459B-A6D7-3F07B54C72EF} = {827E0CD3-B72D-47B6-A68D-7590B98EB39B}
		{33634028-8C19-4ABB-BB23-677F8B1FEF46} = {827E0CD3-B72D-47B6-A68D-7590B98EB39B}
		{D7528D11-5D99-4CB3-92B8-F879E2DD9E9C} = {827E0CD3-B72D-47B6-A68D-7590B98EB39B}
		{CA7B29F5-DC18-4322-956C-DBEDEED17BD8} = {827E0CD3-B72D-47B6-A68D-7590B98EB39B}
		{F213774A-BCBA-4F9B-889F-96920CE8D9E7} = {827E0CD3-B72D-47B6-A68D-7590B98EB39B}
		{AAD0C610-B2B6-43A9-9830-81EC8E563F92} = {0AB3BF05-4346-4AA6-1389-037BE0695223}
		{BE4460E7-3923-42DC-922A-368B56DA9599} = {0AB3BF05-4346-4AA6-1389-037BE0695223}
		{7F68AEB5-63E5-46D8-A751-756591E8DB2D} = {0AB3BF05-4346-4AA6-1389-037BE0695223}
		{B03EEEB7-6EB1-47CC-98A6-C7087599C717} = {0AB3BF05-4346-4AA6-1389-037BE0695223}
	EndGlobalSection
EndGlobal
